
Microsoft Visual Studio Solution File, Format Version 12.00
Project("{FAE04EC0-301F-11D3-BF4B-00C04F79EFBC}") = "SecretaryProblem", "SecretaryProblem\SecretaryProblem.csproj", "{B7F43A9F-A021-40CA-8A4E-4CB04C3C3013}"
EndProject
Project("{FAE04EC0-301F-11D3-BF4B-00C04F79EFBC}") = "HostedServiceAndDI", "HostedServiceAndDI\HostedServiceAndDI.csproj", "{48A1074D-38C5-404D-ADFF-16C92D4DAE6B}"
EndProject
Project("{FAE04EC0-301F-11D3-BF4B-00C04F79EFBC}") = "HostedServiceAndDI.Tests", "HostedServiceAndDI.Tests\HostedServiceAndDI.Tests.csproj", "{0B8AA318-CE87-41D3-ACD1-7F5842EFE415}"
EndProject
Project("{FAE04EC0-301F-11D3-BF4B-00C04F79EFBC}") = "SecretaryProblem.Data", "SecretaryProblem.Data\SecretaryProblem.Data.csproj", "{7A43ECFC-ECFF-492A-9E0F-CB598A7A1CEF}"
EndProject
Project("{FAE04EC0-301F-11D3-BF4B-00C04F79EFBC}") = "PickyBrideWeb", "PickyBrideWeb\PickyBrideWeb.csproj", "{72F23576-16E8-4016-801B-0AF8FE5B7B81}"
EndProject
Project("{FAE04EC0-301F-11D3-BF4B-00C04F79EFBC}") = "Nsu.PeakyBride.DataContracts", "Nsu.PeakyBride.DataContracts\Nsu.PeakyBride.DataContracts.csproj", "{B9FD9CC8-2329-4C1C-BDE0-913BFA018BCA}"
EndProject
Project("{FAE04EC0-301F-11D3-BF4B-00C04F79EFBC}") = "PrincessHttpClient", "PrincessHttpClient\PrincessHttpClient.csproj", "{F515055C-7848-4944-A0D1-01118AB31F67}"
EndProject
Project("{FAE04EC0-301F-11D3-BF4B-00C04F79EFBC}") = "Consumer", "Consumer\Consumer.csproj", "{546A7173-A1AB-44E1-B808-8A4F640B1613}"
EndProject
Global
	GlobalSection(SolutionConfigurationPlatforms) = preSolution
		Debug|Any CPU = Debug|Any CPU
		Release|Any CPU = Release|Any CPU
	EndGlobalSection
	GlobalSection(ProjectConfigurationPlatforms) = postSolution
		{B7F43A9F-A021-40CA-8A4E-4CB04C3C3013}.Debug|Any CPU.ActiveCfg = Debug|Any CPU
		{B7F43A9F-A021-40CA-8A4E-4CB04C3C3013}.Debug|Any CPU.Build.0 = Debug|Any CPU
		{B7F43A9F-A021-40CA-8A4E-4CB04C3C3013}.Release|Any CPU.ActiveCfg = Release|Any CPU
		{B7F43A9F-A021-40CA-8A4E-4CB04C3C3013}.Release|Any CPU.Build.0 = Release|Any CPU
		{48A1074D-38C5-404D-ADFF-16C92D4DAE6B}.Debug|Any CPU.ActiveCfg = Debug|Any CPU
		{48A1074D-38C5-404D-ADFF-16C92D4DAE6B}.Debug|Any CPU.Build.0 = Debug|Any CPU
		{48A1074D-38C5-404D-ADFF-16C92D4DAE6B}.Release|Any CPU.ActiveCfg = Release|Any CPU
		{48A1074D-38C5-404D-ADFF-16C92D4DAE6B}.Release|Any CPU.Build.0 = Release|Any CPU
		{0B8AA318-CE87-41D3-ACD1-7F5842EFE415}.Debug|Any CPU.ActiveCfg = Debug|Any CPU
		{0B8AA318-CE87-41D3-ACD1-7F5842EFE415}.Debug|Any CPU.Build.0 = Debug|Any CPU
		{0B8AA318-CE87-41D3-ACD1-7F5842EFE415}.Release|Any CPU.ActiveCfg = Release|Any CPU
		{0B8AA318-CE87-41D3-ACD1-7F5842EFE415}.Release|Any CPU.Build.0 = Release|Any CPU
		{7A43ECFC-ECFF-492A-9E0F-CB598A7A1CEF}.Debug|Any CPU.ActiveCfg = Debug|Any CPU
		{7A43ECFC-ECFF-492A-9E0F-CB598A7A1CEF}.Debug|Any CPU.Build.0 = Debug|Any CPU
		{7A43ECFC-ECFF-492A-9E0F-CB598A7A1CEF}.Release|Any CPU.ActiveCfg = Release|Any CPU
		{7A43ECFC-ECFF-492A-9E0F-CB598A7A1CEF}.Release|Any CPU.Build.0 = Release|Any CPU
		{72F23576-16E8-4016-801B-0AF8FE5B7B81}.Debug|Any CPU.ActiveCfg = Debug|Any CPU
		{72F23576-16E8-4016-801B-0AF8FE5B7B81}.Debug|Any CPU.Build.0 = Debug|Any CPU
		{72F23576-16E8-4016-801B-0AF8FE5B7B81}.Release|Any CPU.ActiveCfg = Release|Any CPU
		{72F23576-16E8-4016-801B-0AF8FE5B7B81}.Release|Any CPU.Build.0 = Release|Any CPU
		{B9FD9CC8-2329-4C1C-BDE0-913BFA018BCA}.Debug|Any CPU.ActiveCfg = Debug|Any CPU
		{B9FD9CC8-2329-4C1C-BDE0-913BFA018BCA}.Debug|Any CPU.Build.0 = Debug|Any CPU
		{B9FD9CC8-2329-4C1C-BDE0-913BFA018BCA}.Release|Any CPU.ActiveCfg = Release|Any CPU
		{B9FD9CC8-2329-4C1C-BDE0-913BFA018BCA}.Release|Any CPU.Build.0 = Release|Any CPU
		{F515055C-7848-4944-A0D1-01118AB31F67}.Debug|Any CPU.ActiveCfg = Debug|Any CPU
		{F515055C-7848-4944-A0D1-01118AB31F67}.Debug|Any CPU.Build.0 = Debug|Any CPU
		{F515055C-7848-4944-A0D1-01118AB31F67}.Release|Any CPU.ActiveCfg = Release|Any CPU
		{F515055C-7848-4944-A0D1-01118AB31F67}.Release|Any CPU.Build.0 = Release|Any CPU
		{546A7173-A1AB-44E1-B808-8A4F640B1613}.Debug|Any CPU.ActiveCfg = Debug|Any CPU
		{546A7173-A1AB-44E1-B808-8A4F640B1613}.Debug|Any CPU.Build.0 = Debug|Any CPU
		{546A7173-A1AB-44E1-B808-8A4F640B1613}.Release|Any CPU.ActiveCfg = Release|Any CPU
		{546A7173-A1AB-44E1-B808-8A4F640B1613}.Release|Any CPU.Build.0 = Release|Any CPU
	EndGlobalSection
EndGlobal
